
Microsoft Visual Studio Solution File, Format Version 12.00
# Visual Studio Version 16
VisualStudioVersion = 16.0.30717.126
MinimumVisualStudioVersion = 10.0.40219.1
Project("{FAE04EC0-301F-11D3-BF4B-00C04F79EFBC}") = "Assignment_1", "Assignment_1\Assignment_1.csproj", "{C3E56F1C-C649-4DE1-BD81-6800749C2F39}"
EndProject
Global
	GlobalSection(SolutionConfigurationPlatforms) = preSolution
		Debug|Any CPU = Debug|Any CPU
		Release|Any CPU = Release|Any CPU
	EndGlobalSection
	GlobalSection(ProjectConfigurationPlatforms) = postSolution
		{C3E56F1C-C649-4DE1-BD81-6800749C2F39}.Debug|Any CPU.ActiveCfg = Debug|Any CPU
		{C3E56F1C-C649-4DE1-BD81-6800749C2F39}.Debug|Any CPU.Build.0 = Debug|Any CPU
		{C3E56F1C-C649-4DE1-BD81-6800749C2F39}.Release|Any CPU.ActiveCfg = Release|Any CPU
		{C3E56F1C-C649-4DE1-BD81-6800749C2F39}.Release|Any CPU.Build.0 = Release|Any CPU
	EndGlobalSection
	GlobalSection(SolutionProperties) = preSolution
		HideSolutionNode = FALSE
	EndGlobalSection
	GlobalSection(ExtensibilityGlobals) = postSolution
		SolutionGuid = {6926AB4D-45BD-4C8C-A11E-2046FCD45D23}
	EndGlobalSection
EndGlobal
